
Microsoft Visual Studio Solution File, Format Version 12.00
# Visual Studio Version 17
VisualStudioVersion = 17.9.34607.119
MinimumVisualStudioVersion = 10.0.40219.1
Project("{F184B08F-C81C-45F6-A57F-5ABD9991F28F}") = "PictureForm", "PictureForm\PictureForm.vbproj", "{2702DC1B-D483-4C8A-8147-FB42A20D8D9A}"
EndProject
Global
	GlobalSection(SolutionConfigurationPlatforms) = preSolution
		Debug|Any CPU = Debug|Any CPU
		Release|Any CPU = Release|Any CPU
	EndGlobalSection
	GlobalSection(ProjectConfigurationPlatforms) = postSolution
		{2702DC1B-D483-4C8A-8147-FB42A20D8D9A}.Debug|Any CPU.ActiveCfg = Debug|Any CPU
		{2702DC1B-D483-4C8A-8147-FB42A20D8D9A}.Debug|Any CPU.Build.0 = Debug|Any CPU
		{2702DC1B-D483-4C8A-8147-FB42A20D8D9A}.Release|Any CPU.ActiveCfg = Release|Any CPU
		{2702DC1B-D483-4C8A-8147-FB42A20D8D9A}.Release|Any CPU.Build.0 = Release|Any CPU
	EndGlobalSection
	GlobalSection(SolutionProperties) = preSolution
		HideSolutionNode = FALSE
	EndGlobalSection
	GlobalSection(ExtensibilityGlobals) = postSolution
		SolutionGuid = {3C136D25-86E7-4890-8CBB-E94A637FDCF7}
	EndGlobalSection
EndGlobal
